
Microsoft Visual Studio Solution File, Format Version 12.00
# Visual Studio Version 17
VisualStudioVersion = 17.0.31919.166
MinimumVisualStudioVersion = 10.0.40219.1
Project("{FAE04EC0-301F-11D3-BF4B-00C04F79EFBC}") = "MatchGame", "MatchGame\MatchGame.csproj", "{70265BF4-9D1F-4AB4-BD9A-A4EE879FB11F}"
EndProject
Global
	GlobalSection(SolutionConfigurationPlatforms) = preSolution
		Debug|Any CPU = Debug|Any CPU
		Release|Any CPU = Release|Any CPU
	EndGlobalSection
	GlobalSection(ProjectConfigurationPlatforms) = postSolution
		{70265BF4-9D1F-4AB4-BD9A-A4EE879FB11F}.Debug|Any CPU.ActiveCfg = Debug|Any CPU
		{70265BF4-9D1F-4AB4-BD9A-A4EE879FB11F}.Debug|Any CPU.Build.0 = Debug|Any CPU
		{70265BF4-9D1F-4AB4-BD9A-A4EE879FB11F}.Release|Any CPU.ActiveCfg = Release|Any CPU
		{70265BF4-9D1F-4AB4-BD9A-A4EE879FB11F}.Release|Any CPU.Build.0 = Release|Any CPU
	EndGlobalSection
	GlobalSection(SolutionProperties) = preSolution
		HideSolutionNode = FALSE
	EndGlobalSection
	GlobalSection(ExtensibilityGlobals) = postSolution
		SolutionGuid = {1FA42E7C-ED94-49B4-B515-1D4CD9DC3D84}
	EndGlobalSection
EndGlobal
